<?xml version="1.0" encoding="utf-8"?>
<Project ToolsVersion="4.0" xmlns="http://schemas.microsoft.com/developer/msbuild/2003">
  <ItemGroup>
    <None Include=".gitignore" />
  </ItemGroup>
  <ItemGroup>
    <QtMoc Include="src\ui\MainWindow.h">
      <Filter>UI</Filter>
    </QtMoc>
    <QtMoc Include="src\ui\account\AddAccountDialog.h">
      <Filter>UI\Account</Filter>
    </QtMoc>
    <QtMoc Include="src\ui\account\EditAccountDialog.h">
      <Filter>UI\Account</Filter>
    </QtMoc>
    <QtMoc Include="src\ui\account\ManageAccountsDialog.h">
      <Filter>UI\Account</Filter>
    </QtMoc>
    <QtMoc Include="src\ui\operation\AddOperationForm.h">
      <Filter>UI\Operation</Filter>
    </QtMoc>
    <QtMoc Include="src\ui\operation\EditOperationDialog.h">
      <Filter>UI\Operation</Filter>
    </QtMoc>
    <QtMoc Include="src\ui\operation\OperationsList.h">
      <Filter>UI\Operation</Filter>
    </QtMoc>
    <QtMoc Include="src\ui\profile\AddProfileDialog.h">
      <Filter>UI\Profile</Filter>
    </QtMoc>
    <QtMoc Include="src\ui\category\EditCategoryDialog.h">
      <Filter>UI\Category</Filter>
    </QtMoc>
    <QtMoc Include="src\ui\category\ManageCategoriesDialog.h">
      <Filter>UI\Category</Filter>
    </QtMoc>
    <QtMoc Include="src\ui\review\MonthlyReviewDialog.h">
      <Filter>UI\Review</Filter>
    </QtMoc>
    <QtMoc Include="src\ui\review\YearlyReviewDialog.h">
      <Filter>UI\Review</Filter>
    </QtMoc>
    <QtMoc Include="src\ui\profile\ManageProfilesDialog.h">
      <Filter>UI\Profile</Filter>
    </QtMoc>
    <QtMoc Include="src\ui\profile\RenameProfileDialog.h">
      <Filter>UI\Profile</Filter>
    </QtMoc>
  </ItemGroup>
  <ItemGroup>
    <ClCompile Include="src\main.cpp" />
    <ClCompile Include="src\domain\Accountant.cpp">
      <Filter>Domain</Filter>
    </ClCompile>
    <ClCompile Include="src\domain\Amount.cpp">
      <Filter>Domain</Filter>
    </ClCompile>
    <ClCompile Include="src\domain\Category.cpp">
      <Filter>Domain</Filter>
    </ClCompile>
    <ClCompile Include="src\domain\Profile.cpp">
      <Filter>Domain</Filter>
    </ClCompile>
    <ClCompile Include="src\domain\Operation.cpp">
      <Filter>Domain</Filter>
    </ClCompile>
    <ClCompile Include="src\exceptions\ApplicationException.cpp">
      <Filter>Exceptions</Filter>
    </ClCompile>
    <ClCompile Include="src\domain\BankAccount.cpp">
      <Filter>Domain</Filter>
    </ClCompile>
    <ClCompile Include="src\data\BackUp.cpp">
      <Filter>Data</Filter>
    </ClCompile>
    <ClCompile Include="src\types\Converter.cpp">
      <Filter>Types</Filter>
    </ClCompile>
    <ClCompile Include="src\data\Data.cpp">
      <Filter>Data</Filter>
    </ClCompile>
    <ClCompile Include="src\exceptions\FileException.cpp">
      <Filter>Exceptions</Filter>
    </ClCompile>
    <ClCompile Include="src\files\Files.cpp">
      <Filter>Files</Filter>
    </ClCompile>
    <ClCompile Include="src\exceptions\ForbiddenActionException.cpp">
      <Filter>Exceptions</Filter>
    </ClCompile>
    <ClCompile Include="src\exceptions\InvalidInputException.cpp">
      <Filter>Exceptions</Filter>
    </ClCompile>
    <ClCompile Include="src\ui\MainWindow.cpp">
      <Filter>UI</Filter>
    </ClCompile>
    <ClCompile Include="src\data\StateManager.cpp">
      <Filter>Data</Filter>
    </ClCompile>
    <ClCompile Include="src\ui\account\AddAccountDialog.cpp">
      <Filter>UI\Account</Filter>
    </ClCompile>
    <ClCompile Include="src\ui\account\EditAccountDialog.cpp">
      <Filter>UI\Account</Filter>
    </ClCompile>
    <ClCompile Include="src\ui\account\ManageAccountsDialog.cpp">
      <Filter>UI\Account</Filter>
    </ClCompile>
    <ClCompile Include="src\ui\operation\AddOperationForm.cpp">
      <Filter>UI\Operation</Filter>
    </ClCompile>
    <ClCompile Include="src\ui\operation\EditOperationDialog.cpp">
      <Filter>UI\Operation</Filter>
    </ClCompile>
    <ClCompile Include="src\ui\operation\OperationsList.cpp">
      <Filter>UI\Operation</Filter>
    </ClCompile>
    <ClCompile Include="src\ui\profile\AddProfileDialog.cpp">
      <Filter>UI\Profile</Filter>
    </ClCompile>
    <ClCompile Include="src\ui\format\AmountValueFormatter.cpp">
      <Filter>UI\Format</Filter>
    </ClCompile>
    <ClCompile Include="src\ui\hooks\ConfirmationRequiser.cpp">
      <Filter>UI\Hooks</Filter>
    </ClCompile>
    <ClCompile Include="src\ui\hooks\ExceptionHandler.cpp">
      <Filter>UI\Hooks</Filter>
    </ClCompile>
    <ClCompile Include="src\ui\category\EditCategoryDialog.cpp">
      <Filter>UI\Category</Filter>
    </ClCompile>
    <ClCompile Include="src\ui\category\ManageCategoriesDialog.cpp">
      <Filter>UI\Category</Filter>
    </ClCompile>
    <ClCompile Include="src\ui\review\MonthlyReviewDialog.cpp">
      <Filter>UI\Review</Filter>
    </ClCompile>
    <ClCompile Include="src\ui\review\YearlyReviewDialog.cpp">
      <Filter>UI\Review</Filter>
    </ClCompile>
    <ClCompile Include="src\ui\profile\ManageProfilesDialog.cpp">
      <Filter>UI\Profile</Filter>
    </ClCompile>
    <ClCompile Include="src\ui\profile\RenameProfileDialog.cpp">
      <Filter>UI\Profile</Filter>
    </ClCompile>
    <ClCompile Include="src\ui\format\StringFormatter.cpp">
      <Filter>UI\Format</Filter>
    </ClCompile>
    <ClCompile Include="src\ui\format\MonthString.cpp">
      <Filter>UI\Format</Filter>
    </ClCompile>
    <ClCompile Include="src\application\Application.cpp">
      <Filter>Application</Filter>
    </ClCompile>
  </ItemGroup>
  <ItemGroup>
    <ClInclude Include="src\domain\Accountant.h">
      <Filter>Domain</Filter>
    </ClInclude>
    <ClInclude Include="src\domain\Amount.h">
      <Filter>Domain</Filter>
    </ClInclude>
    <ClInclude Include="src\domain\Category.h">
      <Filter>Domain</Filter>
    </ClInclude>
    <ClInclude Include="src\domain\Profile.h">
      <Filter>Domain</Filter>
    </ClInclude>
    <ClInclude Include="src\domain\Operation.h">
      <Filter>Domain</Filter>
    </ClInclude>
    <ClInclude Include="src\exceptions\ApplicationException.h">
      <Filter>Exceptions</Filter>
    </ClInclude>
    <ClInclude Include="src\domain\BankAccount.h">
      <Filter>Domain</Filter>
    </ClInclude>
    <ClInclude Include="src\data\BackUp.h">
      <Filter>Data</Filter>
    </ClInclude>
    <ClInclude Include="src\types\Converter.h">
      <Filter>Types</Filter>
    </ClInclude>
    <ClInclude Include="src\data\Data.h">
      <Filter>Data</Filter>
    </ClInclude>
    <ClInclude Include="src\exceptions\FileException.h">
      <Filter>Exceptions</Filter>
    </ClInclude>
    <ClInclude Include="src\files\Files.h">
      <Filter>Files</Filter>
    </ClInclude>
    <ClInclude Include="src\exceptions\ForbiddenActionException.h">
      <Filter>Exceptions</Filter>
    </ClInclude>
    <ClInclude Include="src\exceptions\InvalidInputException.h">
      <Filter>Exceptions</Filter>
    </ClInclude>
    <ClInclude Include="src\data\StateManager.h">
      <Filter>Data</Filter>
    </ClInclude>
    <ClInclude Include="src\ui\format\AmountValueFormatter.h">
      <Filter>UI\Format</Filter>
    </ClInclude>
    <ClInclude Include="src\ui\hooks\ConfirmationRequiser.h">
      <Filter>UI\Hooks</Filter>
    </ClInclude>
    <ClInclude Include="src\ui\hooks\ExceptionHandler.h">
      <Filter>UI\Hooks</Filter>
    </ClInclude>
    <ClInclude Include="src\ui\format\StringFormatter.h">
      <Filter>UI\Format</Filter>
    </ClInclude>
    <ClInclude Include="src\ui\format\MonthString.h">
      <Filter>UI\Format</Filter>
    </ClInclude>
    <ClInclude Include="src\application\Application.h">
      <Filter>Application</Filter>
    </ClInclude>
  </ItemGroup>
  <ItemGroup>
    <Filter Include="UI">
      <UniqueIdentifier>{947acac0-e40a-4329-bd8e-8a35c835a80b}</UniqueIdentifier>
    </Filter>
    <Filter Include="Domain">
      <UniqueIdentifier>{b47546db-9172-4a19-8093-ebdcd81f4378}</UniqueIdentifier>
    </Filter>
    <Filter Include="Data">
      <UniqueIdentifier>{586e3407-1859-4825-8647-d90a9802a6d8}</UniqueIdentifier>
    </Filter>
    <Filter Include="Exceptions">
      <UniqueIdentifier>{e891ac9f-8fb5-4e41-8525-79a39f46429d}</UniqueIdentifier>
    </Filter>
    <Filter Include="Files">
      <UniqueIdentifier>{91dac96e-2b82-4487-a5d6-1882784c6b2c}</UniqueIdentifier>
    </Filter>
    <Filter Include="Types">
      <UniqueIdentifier>{5d286c86-b591-4707-93b7-e9d763fdf35b}</UniqueIdentifier>
    </Filter>
    <Filter Include="UI\Account">
      <UniqueIdentifier>{6f3ff3cd-b46f-40e1-a399-ec20383a5693}</UniqueIdentifier>
    </Filter>
    <Filter Include="UI\Operation">
      <UniqueIdentifier>{1be93936-cedd-45c2-9a61-96a41fa23870}</UniqueIdentifier>
    </Filter>
    <Filter Include="UI\Profile">
      <UniqueIdentifier>{2cf8099b-7e5d-4fa2-8e5a-78a536ed9d48}</UniqueIdentifier>
    </Filter>
    <Filter Include="UI\Format">
      <UniqueIdentifier>{ff9222ff-e30f-4fcc-a494-d023b617b5d2}</UniqueIdentifier>
    </Filter>
    <Filter Include="UI\Hooks">
      <UniqueIdentifier>{19f4e7a0-0eba-43c4-b49c-6a88fdae50dc}</UniqueIdentifier>
    </Filter>
    <Filter Include="UI\Category">
      <UniqueIdentifier>{9c5fee91-9650-41f7-911b-58432e9a56d2}</UniqueIdentifier>
    </Filter>
    <Filter Include="UI\Review">
      <UniqueIdentifier>{32eb6941-0e55-4a51-b2dd-fbdbd2045ed6}</UniqueIdentifier>
    </Filter>
    <Filter Include="Application">
      <UniqueIdentifier>{1e3f1706-1bb6-458b-b0c5-04ca819321c2}</UniqueIdentifier>
    </Filter>
  </ItemGroup>
</Project>